// !$*UTF8*$!
{
	archiveVersion = 1;
	classes = {
	};
	objectVersion = 46;
	objects = {

/* Begin PBXBuildFile section */
		F5B85EB51EB83332003BEF03 /* main.m in Sources */ = {isa = PBXBuildFile; fileRef = F5B85EB41EB83332003BEF03 /* main.m */; };
		F5B85EB81EB83332003BEF03 /* AppDelegate.m in Sources */ = {isa = PBXBuildFile; fileRef = F5B85EB71EB83332003BEF03 /* AppDelegate.m */; };
		F5B85EBB1EB83332003BEF03 /* ViewController.m in Sources */ = {isa = PBXBuildFile; fileRef = F5B85EBA1EB83332003BEF03 /* ViewController.m */; };
		F5B85EBE1EB83332003BEF03 /* Main.storyboard in Resources */ = {isa = PBXBuildFile; fileRef = F5B85EBC1EB83332003BEF03 /* Main.storyboard */; };
		F5B85EC01EB83332003BEF03 /* Assets.xcassets in Resources */ = {isa = PBXBuildFile; fileRef = F5B85EBF1EB83332003BEF03 /* Assets.xcassets */; };
		F5B85EC31EB83332003BEF03 /* LaunchScreen.storyboard in Resources */ = {isa = PBXBuildFile; fileRef = F5B85EC11EB83332003BEF03 /* LaunchScreen.storyboard */; };
		F5B85ECE1EB83332003BEF03 /* XIBUpdateLayoutTests.m in Sources */ = {isa = PBXBuildFile; fileRef = F5B85ECD1EB83332003BEF03 /* XIBUpdateLayoutTests.m */; };
		F5B85ED91EB83332003BEF03 /* XIBUpdateLayoutUITests.m in Sources */ = {isa = PBXBuildFile; fileRef = F5B85ED81EB83332003BEF03 /* XIBUpdateLayoutUITests.m */; };
		F5B85EE91EB83362003BEF03 /* ClockDetailCell.xib in Resources */ = {isa = PBXBuildFile; fileRef = F5B85EE61EB83362003BEF03 /* ClockDetailCell.xib */; };
		F5B85EEA1EB83362003BEF03 /* ClockDetailCell.m in Sources */ = {isa = PBXBuildFile; fileRef = F5B85EE71EB83362003BEF03 /* ClockDetailCell.m */; };
		F5B85EED1EB833AD003BEF03 /* ClockDetailModel.m in Sources */ = {isa = PBXBuildFile; fileRef = F5B85EEC1EB833AD003BEF03 /* ClockDetailModel.m */; };
		F5B85EF11EB833FB003BEF03 /* ClockDetailListCell.m in Sources */ = {isa = PBXBuildFile; fileRef = F5B85EEF1EB833FB003BEF03 /* ClockDetailListCell.m */; };
		F5B85EF21EB833FB003BEF03 /* ClockDetailListCell.xib in Resources */ = {isa = PBXBuildFile; fileRef = F5B85EF01EB833FB003BEF03 /* ClockDetailListCell.xib */; };
		F5B85EF51EB83415003BEF03 /* UIColor+Colors.m in Sources */ = {isa = PBXBuildFile; fileRef = F5B85EF41EB83415003BEF03 /* UIColor+Colors.m */; };
		F5B85EFE1EB86E1D003BEF03 /* LayoutViewController.m in Sources */ = {isa = PBXBuildFile; fileRef = F5B85EFC1EB86E1D003BEF03 /* LayoutViewController.m */; };
		F5B85EFF1EB86E1D003BEF03 /* LayoutViewController.xib in Resources */ = {isa = PBXBuildFile; fileRef = F5B85EFD1EB86E1D003BEF03 /* LayoutViewController.xib */; };
/* End PBXBuildFile section */

/* Begin PBXContainerItemProxy section */
		F5B85ECA1EB83332003BEF03 /* PBXContainerItemProxy */ = {
			isa = PBXContainerItemProxy;
			containerPortal = F5B85EA81EB83332003BEF03 /* Project object */;
			proxyType = 1;
			remoteGlobalIDString = F5B85EAF1EB83332003BEF03;
			remoteInfo = XIBUpdateLayout;
		};
		F5B85ED51EB83332003BEF03 /* PBXContainerItemProxy */ = {
			isa = PBXContainerItemProxy;
			containerPortal = F5B85EA81EB83332003BEF03 /* Project object */;
			proxyType = 1;
			remoteGlobalIDString = F5B85EAF1EB83332003BEF03;
			remoteInfo = XIBUpdateLayout;
		};
/* End PBXContainerItemProxy section */

/* Begin PBXFileReference section */
		F5B85EB01EB83332003BEF03 /* XIBUpdateLayout.app */ = {isa = PBXFileReference; explicitFileType = wrapper.application; includeInIndex = 0; path = XIBUpdateLayout.app; sourceTree = BUILT_PRODUCTS_DIR; };
		F5B85EB41EB83332003BEF03 /* main.m */ = {isa = PBXFileReference; lastKnownFileType = sourcecode.c.objc; path = main.m; sourceTree = "<group>"; };
		F5B85EB61EB83332003BEF03 /* AppDelegate.h */ = {isa = PBXFileReference; lastKnownFileType = sourcecode.c.h; path = AppDelegate.h; sourceTree = "<group>"; };
		F5B85EB71EB83332003BEF03 /* AppDelegate.m */ = {isa = PBXFileReference; lastKnownFileType = sourcecode.c.objc; path = AppDelegate.m; sourceTree = "<group>"; };
		F5B85EB91EB83332003BEF03 /* ViewController.h */ = {isa = PBXFileReference; lastKnownFileType = sourcecode.c.h; path = ViewController.h; sourceTree = "<group>"; };
		F5B85EBA1EB83332003BEF03 /* ViewController.m */ = {isa = PBXFileReference; lastKnownFileType = sourcecode.c.objc; path = ViewController.m; sourceTree = "<group>"; };
		F5B85EBD1EB83332003BEF03 /* Base */ = {isa = PBXFileReference; lastKnownFileType = file.storyboard; name = Base; path = Base.lproj/Main.storyboard; sourceTree = "<group>"; };
		F5B85EBF1EB83332003BEF03 /* Assets.xcassets */ = {isa = PBXFileReference; lastKnownFileType = folder.assetcatalog; path = Assets.xcassets; sourceTree = "<group>"; };
		F5B85EC21EB83332003BEF03 /* Base */ = {isa = PBXFileReference; lastKnownFileType = file.storyboard; name = Base; path = Base.lproj/LaunchScreen.storyboard; sourceTree = "<group>"; };
		F5B85EC41EB83332003BEF03 /* Info.plist */ = {isa = PBXFileReference; lastKnownFileType = text.plist.xml; path = Info.plist; sourceTree = "<group>"; };
		F5B85EC91EB83332003BEF03 /* XIBUpdateLayoutTests.xctest */ = {isa = PBXFileReference; explicitFileType = wrapper.cfbundle; includeInIndex = 0; path = XIBUpdateLayoutTests.xctest; sourceTree = BUILT_PRODUCTS_DIR; };
		F5B85ECD1EB83332003BEF03 /* XIBUpdateLayoutTests.m */ = {isa = PBXFileReference; lastKnownFileType = sourcecode.c.objc; path = XIBUpdateLayoutTests.m; sourceTree = "<group>"; };
		F5B85ECF1EB83332003BEF03 /* Info.plist */ = {isa = PBXFileReference; lastKnownFileType = text.plist.xml; path = Info.plist; sourceTree = "<group>"; };
		F5B85ED41EB83332003BEF03 /* XIBUpdateLayoutUITests.xctest */ = {isa = PBXFileReference; explicitFileType = wrapper.cfbundle; includeInIndex = 0; path = XIBUpdateLayoutUITests.xctest; sourceTree = BUILT_PRODUCTS_DIR; };
		F5B85ED81EB83332003BEF03 /* XIBUpdateLayoutUITests.m */ = {isa = PBXFileReference; lastKnownFileType = sourcecode.c.objc; path = XIBUpdateLayoutUITests.m; sourceTree = "<group>"; };
		F5B85EDA1EB83332003BEF03 /* Info.plist */ = {isa = PBXFileReference; lastKnownFileType = text.plist.xml; path = Info.plist; sourceTree = "<group>"; };
		F5B85EE61EB83362003BEF03 /* ClockDetailCell.xib */ = {isa = PBXFileReference; fileEncoding = 4; lastKnownFileType = file.xib; path = ClockDetailCell.xib; sourceTree = "<group>"; };
		F5B85EE71EB83362003BEF03 /* ClockDetailCell.m */ = {isa = PBXFileReference; fileEncoding = 4; lastKnownFileType = sourcecode.c.objc; path = ClockDetailCell.m; sourceTree = "<group>"; };
		F5B85EE81EB83362003BEF03 /* ClockDetailCell.h */ = {isa = PBXFileReference; fileEncoding = 4; lastKnownFileType = sourcecode.c.h; path = ClockDetailCell.h; sourceTree = "<group>"; };
		F5B85EEB1EB833AD003BEF03 /* ClockDetailModel.h */ = {isa = PBXFileReference; fileEncoding = 4; lastKnownFileType = sourcecode.c.h; path = ClockDetailModel.h; sourceTree = "<group>"; };
		F5B85EEC1EB833AD003BEF03 /* ClockDetailModel.m */ = {isa = PBXFileReference; fileEncoding = 4; lastKnownFileType = sourcecode.c.objc; path = ClockDetailModel.m; sourceTree = "<group>"; };
		F5B85EEE1EB833FB003BEF03 /* ClockDetailListCell.h */ = {isa = PBXFileReference; fileEncoding = 4; lastKnownFileType = sourcecode.c.h; path = ClockDetailListCell.h; sourceTree = "<group>"; };
		F5B85EEF1EB833FB003BEF03 /* ClockDetailListCell.m */ = {isa = PBXFileReference; fileEncoding = 4; lastKnownFileType = sourcecode.c.objc; path = ClockDetailListCell.m; sourceTree = "<group>"; };
		F5B85EF01EB833FB003BEF03 /* ClockDetailListCell.xib */ = {isa = PBXFileReference; fileEncoding = 4; lastKnownFileType = file.xib; path = ClockDetailListCell.xib; sourceTree = "<group>"; };
		F5B85EF31EB83415003BEF03 /* UIColor+Colors.h */ = {isa = PBXFileReference; fileEncoding = 4; lastKnownFileType = sourcecode.c.h; path = "UIColor+Colors.h"; sourceTree = "<group>"; };
		F5B85EF41EB83415003BEF03 /* UIColor+Colors.m */ = {isa = PBXFileReference; fileEncoding = 4; lastKnownFileType = sourcecode.c.objc; path = "UIColor+Colors.m"; sourceTree = "<group>"; };
		F5B85EFB1EB86E1D003BEF03 /* LayoutViewController.h */ = {isa = PBXFileReference; fileEncoding = 4; lastKnownFileType = sourcecode.c.h; path = LayoutViewController.h; sourceTree = "<group>"; };
		F5B85EFC1EB86E1D003BEF03 /* LayoutViewController.m */ = {isa = PBXFileReference; fileEncoding = 4; lastKnownFileType = sourcecode.c.objc; path = LayoutViewController.m; sourceTree = "<group>"; };
		F5B85EFD1EB86E1D003BEF03 /* LayoutViewController.xib */ = {isa = PBXFileReference; fileEncoding = 4; lastKnownFileType = file.xib; path = LayoutViewController.xib; sourceTree = "<group>"; };
/* End PBXFileReference section */

/* Begin PBXFrameworksBuildPhase section */
		F5B85EAD1EB83332003BEF03 /* Frameworks */ = {
			isa = PBXFrameworksBuildPhase;
			buildActionMask = 2147483647;
			files = (
			);
			runOnlyForDeploymentPostprocessing = 0;
		};
		F5B85EC61EB83332003BEF03 /* Frameworks */ = {
			isa = PBXFrameworksBuildPhase;
			buildActionMask = 2147483647;
			files = (
			);
			runOnlyForDeploymentPostprocessing = 0;
		};
		F5B85ED11EB83332003BEF03 /* Frameworks */ = {
			isa = PBXFrameworksBuildPhase;
			buildActionMask = 2147483647;
			files = (
			);
			runOnlyForDeploymentPostprocessing = 0;
		};
/* End PBXFrameworksBuildPhase section */

/* Begin PBXGroup section */
		F5B85EA71EB83332003BEF03 = {
			isa = PBXGroup;
			children = (
				F5B85EB21EB83332003BEF03 /* XIBUpdateLayout */,
				F5B85ECC1EB83332003BEF03 /* XIBUpdateLayoutTests */,
				F5B85ED71EB83332003BEF03 /* XIBUpdateLayoutUITests */,
				F5B85EB11EB83332003BEF03 /* Products */,
			);
			sourceTree = "<group>";
		};
		F5B85EB11EB83332003BEF03 /* Products */ = {
			isa = PBXGroup;
			children = (
				F5B85EB01EB83332003BEF03 /* XIBUpdateLayout.app */,
				F5B85EC91EB83332003BEF03 /* XIBUpdateLayoutTests.xctest */,
				F5B85ED41EB83332003BEF03 /* XIBUpdateLayoutUITests.xctest */,
			);
			name = Products;
			sourceTree = "<group>";
		};
		F5B85EB21EB83332003BEF03 /* XIBUpdateLayout */ = {
			isa = PBXGroup;
			children = (
				F5B85EB61EB83332003BEF03 /* AppDelegate.h */,
				F5B85EB71EB83332003BEF03 /* AppDelegate.m */,
				F5B85EB91EB83332003BEF03 /* ViewController.h */,
				F5B85EBA1EB83332003BEF03 /* ViewController.m */,
				F5B85EE81EB83362003BEF03 /* ClockDetailCell.h */,
				F5B85EE71EB83362003BEF03 /* ClockDetailCell.m */,
				F5B85EE61EB83362003BEF03 /* ClockDetailCell.xib */,
				F5B85EEE1EB833FB003BEF03 /* ClockDetailListCell.h */,
				F5B85EEF1EB833FB003BEF03 /* ClockDetailListCell.m */,
				F5B85EF01EB833FB003BEF03 /* ClockDetailListCell.xib */,
				F5B85EEB1EB833AD003BEF03 /* ClockDetailModel.h */,
				F5B85EEC1EB833AD003BEF03 /* ClockDetailModel.m */,
				F5B85EF31EB83415003BEF03 /* UIColor+Colors.h */,
				F5B85EF41EB83415003BEF03 /* UIColor+Colors.m */,
				F5B85EFB1EB86E1D003BEF03 /* LayoutViewController.h */,
				F5B85EFC1EB86E1D003BEF03 /* LayoutViewController.m */,
				F5B85EFD1EB86E1D003BEF03 /* LayoutViewController.xib */,
				F5B85EBC1EB83332003BEF03 /* Main.storyboard */,
				F5B85EBF1EB83332003BEF03 /* Assets.xcassets */,
				F5B85EC11EB83332003BEF03 /* LaunchScreen.storyboard */,
				F5B85EC41EB83332003BEF03 /* Info.plist */,
				F5B85EB31EB83332003BEF03 /* Supporting Files */,
			);
			path = XIBUpdateLayout;
			sourceTree = "<group>";
		};
		F5B85EB31EB83332003BEF03 /* Supporting Files */ = {
			isa = PBXGroup;
			children = (
				F5B85EB41EB83332003BEF03 /* main.m */,
			);
			name = "Supporting Files";
			sourceTree = "<group>";
		};
		F5B85ECC1EB83332003BEF03 /* XIBUpdateLayoutTests */ = {
			isa = PBXGroup;
			children = (
				F5B85ECD1EB83332003BEF03 /* XIBUpdateLayoutTests.m */,
				F5B85ECF1EB83332003BEF03 /* Info.plist */,
			);
			path = XIBUpdateLayoutTests;
			sourceTree = "<group>";
		};
		F5B85ED71EB83332003BEF03 /* XIBUpdateLayoutUITests */ = {
			isa = PBXGroup;
			children = (
				F5B85ED81EB83332003BEF03 /* XIBUpdateLayoutUITests.m */,
				F5B85EDA1EB83332003BEF03 /* Info.plist */,
			);
			path = XIBUpdateLayoutUITests;
			sourceTree = "<group>";
		};
/* End PBXGroup section */

/* Begin PBXNativeTarget section */
		F5B85EAF1EB83332003BEF03 /* XIBUpdateLayout */ = {
			isa = PBXNativeTarget;
			buildConfigurationList = F5B85EDD1EB83332003BEF03 /* Build configuration list for PBXNativeTarget "XIBUpdateLayout" */;
			buildPhases = (
				F5B85EAC1EB83332003BEF03 /* Sources */,
				F5B85EAD1EB83332003BEF03 /* Frameworks */,
				F5B85EAE1EB83332003BEF03 /* Resources */,
			);
			buildRules = (
			);
			dependencies = (
			);
			name = XIBUpdateLayout;
			productName = XIBUpdateLayout;
			productReference = F5B85EB01EB83332003BEF03 /* XIBUpdateLayout.app */;
			productType = "com.apple.product-type.application";
		};
		F5B85EC81EB83332003BEF03 /* XIBUpdateLayoutTests */ = {
			isa = PBXNativeTarget;
			buildConfigurationList = F5B85EE01EB83332003BEF03 /* Build configuration list for PBXNativeTarget "XIBUpdateLayoutTests" */;
			buildPhases = (
				F5B85EC51EB83332003BEF03 /* Sources */,
				F5B85EC61EB83332003BEF03 /* Frameworks */,
				F5B85EC71EB83332003BEF03 /* Resources */,
			);
			buildRules = (
			);
			dependencies = (
				F5B85ECB1EB83332003BEF03 /* PBXTargetDependency */,
			);
			name = XIBUpdateLayoutTests;
			productName = XIBUpdateLayoutTests;
			productReference = F5B85EC91EB83332003BEF03 /* XIBUpdateLayoutTests.xctest */;
			productType = "com.apple.product-type.bundle.unit-test";
		};
		F5B85ED31EB83332003BEF03 /* XIBUpdateLayoutUITests */ = {
			isa = PBXNativeTarget;
			buildConfigurationList = F5B85EE31EB83332003BEF03 /* Build configuration list for PBXNativeTarget "XIBUpdateLayoutUITests" */;
			buildPhases = (
				F5B85ED01EB83332003BEF03 /* Sources */,
				F5B85ED11EB83332003BEF03 /* Frameworks */,
				F5B85ED21EB83332003BEF03 /* Resources */,
			);
			buildRules = (
			);
			dependencies = (
				F5B85ED61EB83332003BEF03 /* PBXTargetDependency */,
			);
			name = XIBUpdateLayoutUITests;
			productName = XIBUpdateLayoutUITests;
			productReference = F5B85ED41EB83332003BEF03 /* XIBUpdateLayoutUITests.xctest */;
			productType = "com.apple.product-type.bundle.ui-testing";
		};
/* End PBXNativeTarget section */

/* Begin PBXProject section */
		F5B85EA81EB83332003BEF03 /* Project object */ = {
			isa = PBXProject;
			attributes = {
				LastUpgradeCheck = 0800;
				ORGANIZATIONNAME = jchvip.rch;
				TargetAttributes = {
					F5B85EAF1EB83332003BEF03 = {
						CreatedOnToolsVersion = 8.0;
						DevelopmentTeam = 3AEPL4W59J;
						ProvisioningStyle = Automatic;
					};
					F5B85EC81EB83332003BEF03 = {
						CreatedOnToolsVersion = 8.0;
						DevelopmentTeam = 3AEPL4W59J;
						ProvisioningStyle = Automatic;
						TestTargetID = F5B85EAF1EB83332003BEF03;
					};
					F5B85ED31EB83332003BEF03 = {
						CreatedOnToolsVersion = 8.0;
						DevelopmentTeam = 3AEPL4W59J;
						ProvisioningStyle = Automatic;
						TestTargetID = F5B85EAF1EB83332003BEF03;
					};
				};
			};
			buildConfigurationList = F5B85EAB1EB83332003BEF03 /* Build configuration list for PBXProject "XIBUpdateLayout" */;
			compatibilityVersion = "Xcode 3.2";
			developmentRegion = English;
			hasScannedForEncodings = 0;
			knownRegions = (
				en,
				Base,
			);
			mainGroup = F5B85EA71EB83332003BEF03;
			productRefGroup = F5B85EB11EB83332003BEF03 /* Products */;
			projectDirPath = "";
			projectRoot = "";
			targets = (
				F5B85EAF1EB83332003BEF03 /* XIBUpdateLayout */,
				F5B85EC81EB83332003BEF03 /* XIBUpdateLayoutTests */,
				F5B85ED31EB83332003BEF03 /* XIBUpdateLayoutUITests */,
			);
		};
/* End PBXProject section */

/* Begin PBXResourcesBuildPhase section */
		F5B85EAE1EB83332003BEF03 /* Resources */ = {
			isa = PBXResourcesBuildPhase;
			buildActionMask = 2147483647;
			files = (
				F5B85EFF1EB86E1D003BEF03 /* LayoutViewController.xib in Resources */,
				F5B85EF21EB833FB003BEF03 /* ClockDetailListCell.xib in Resources */,
				F5B85EC31EB83332003BEF03 /* LaunchScreen.storyboard in Resources */,
				F5B85EC01EB83332003BEF03 /* Assets.xcassets in Resources */,
				F5B85EBE1EB83332003BEF03 /* Main.storyboard in Resources */,
				F5B85EE91EB83362003BEF03 /* ClockDetailCell.xib in Resources */,
			);
			runOnlyForDeploymentPostprocessing = 0;
		};
		F5B85EC71EB83332003BEF03 /* Resources */ = {
			isa = PBXResourcesBuildPhase;
			buildActionMask = 2147483647;
			files = (
			);
			runOnlyForDeploymentPostprocessing = 0;
		};
		F5B85ED21EB83332003BEF03 /* Resources */ = {
			isa = PBXResourcesBuildPhase;
			buildActionMask = 2147483647;
			files = (
			);
			runOnlyForDeploymentPostprocessing = 0;
		};
/* End PBXResourcesBuildPhase section */

/* Begin PBXSourcesBuildPhase section */
		F5B85EAC1EB83332003BEF03 /* Sources */ = {
			isa = PBXSourcesBuildPhase;
			buildActionMask = 2147483647;
			files = (
				F5B85EBB1EB83332003BEF03 /* ViewController.m in Sources */,
				F5B85EF11EB833FB003BEF03 /* ClockDetailListCell.m in Sources */,
				F5B85EB81EB83332003BEF03 /* AppDelegate.m in Sources */,
				F5B85EED1EB833AD003BEF03 /* ClockDetailModel.m in Sources */,
				F5B85EB51EB83332003BEF03 /* main.m in Sources */,
				F5B85EF51EB83415003BEF03 /* UIColor+Colors.m in Sources */,
				F5B85EFE1EB86E1D003BEF03 /* LayoutViewController.m in Sources */,
				F5B85EEA1EB83362003BEF03 /* ClockDetailCell.m in Sources */,
			);
			runOnlyForDeploymentPostprocessing = 0;
		};
		F5B85EC51EB83332003BEF03 /* Sources */ = {
			isa = PBXSourcesBuildPhase;
			buildActionMask = 2147483647;
			files = (
				F5B85ECE1EB83332003BEF03 /* XIBUpdateLayoutTests.m in Sources */,
			);
			runOnlyForDeploymentPostprocessing = 0;
		};
		F5B85ED01EB83332003BEF03 /* Sources */ = {
			isa = PBXSourcesBuildPhase;
			buildActionMask = 2147483647;
			files = (
				F5B85ED91EB83332003BEF03 /* XIBUpdateLayoutUITests.m in Sources */,
			);
			runOnlyForDeploymentPostprocessing = 0;
		};
/* End PBXSourcesBuildPhase section */

/* Begin PBXTargetDependency section */
		F5B85ECB1EB83332003BEF03 /* PBXTargetDependency */ = {
			isa = PBXTargetDependency;
			target = F5B85EAF1EB83332003BEF03 /* XIBUpdateLayout */;
			targetProxy = F5B85ECA1EB83332003BEF03 /* PBXContainerItemProxy */;
		};
		F5B85ED61EB83332003BEF03 /* PBXTargetDependency */ = {
			isa = PBXTargetDependency;
			target = F5B85EAF1EB83332003BEF03 /* XIBUpdateLayout */;
			targetProxy = F5B85ED51EB83332003BEF03 /* PBXContainerItemProxy */;
		};
/* End PBXTargetDependency section */

/* Begin PBXVariantGroup section */
		F5B85EBC1EB83332003BEF03 /* Main.storyboard */ = {
			isa = PBXVariantGroup;
			children = (
				F5B85EBD1EB83332003BEF03 /* Base */,
			);
			name = Main.storyboard;
			sourceTree = "<group>";
		};
		F5B85EC11EB83332003BEF03 /* LaunchScreen.storyboard */ = {
			isa = PBXVariantGroup;
			children = (
				F5B85EC21EB83332003BEF03 /* Base */,
			);
			name = LaunchScreen.storyboard;
			sourceTree = "<group>";
		};
/* End PBXVariantGroup section */

/* Begin XCBuildConfiguration section */
		F5B85EDB1EB83332003BEF03 /* Debug */ = {
			isa = XCBuildConfiguration;
			buildSettings = {
				ALWAYS_SEARCH_USER_PATHS = NO;
				CLANG_ANALYZER_NONNULL = YES;
				CLANG_CXX_LANGUAGE_STANDARD = "gnu++0x";
				CLANG_CXX_LIBRARY = "libc++";
				CLANG_ENABLE_MODULES = YES;
				CLANG_ENABLE_OBJC_ARC = YES;
				CLANG_WARN_BOOL_CONVERSION = YES;
				CLANG_WARN_CONSTANT_CONVERSION = YES;
				CLANG_WARN_DIRECT_OBJC_ISA_USAGE = YES_ERROR;
				CLANG_WARN_DOCUMENTATION_COMMENTS = YES;
				CLANG_WARN_EMPTY_BODY = YES;
				CLANG_WARN_ENUM_CONVERSION = YES;
				CLANG_WARN_INFINITE_RECURSION = YES;
				CLANG_WARN_INT_CONVERSION = YES;
				CLANG_WARN_OBJC_ROOT_CLASS = YES_ERROR;
				CLANG_WARN_SUSPICIOUS_MOVES = YES;
				CLANG_WARN_UNREACHABLE_CODE = YES;
				CLANG_WARN__DUPLICATE_METHOD_MATCH = YES;
				"CODE_SIGN_IDENTITY[sdk=iphoneos*]" = "iPhone Developer";
				COPY_PHASE_STRIP = NO;
				DEBUG_INFORMATION_FORMAT = dwarf;
				ENABLE_STRICT_OBJC_MSGSEND = YES;
				ENABLE_TESTABILITY = YES;
				GCC_C_LANGUAGE_STANDARD = gnu99;
				GCC_DYNAMIC_NO_PIC = NO;
				GCC_NO_COMMON_BLOCKS = YES;
				GCC_OPTIMIZATION_LEVEL = 0;
				GCC_PREPROCESSOR_DEFINITIONS = (
					"DEBUG=1",
					"$(inherited)",
				);
				GCC_WARN_64_TO_32_BIT_CONVERSION = YES;
				GCC_WARN_ABOUT_RETURN_TYPE = YES_ERROR;
				GCC_WARN_UNDECLARED_SELECTOR = YES;
				GCC_WARN_UNINITIALIZED_AUTOS = YES_AGGRESSIVE;
				GCC_WARN_UNUSED_FUNCTION = YES;
				GCC_WARN_UNUSED_VARIABLE = YES;
				IPHONEOS_DEPLOYMENT_TARGET = 10.0;
				MTL_ENABLE_DEBUG_INFO = YES;
				ONLY_ACTIVE_ARCH = YES;
				SDKROOT = iphoneos;
			};
			name = Debug;
		};
		F5B85EDC1EB83332003BEF03 /* Release */ = {
			isa = XCBuildConfiguration;
			buildSettings = {
				ALWAYS_SEARCH_USER_PATHS = NO;
				CLANG_ANALYZER_NONNULL = YES;
				CLANG_CXX_LANGUAGE_STANDARD = "gnu++0x";
				CLANG_CXX_LIBRARY = "libc++";
				CLANG_ENABLE_MODULES = YES;
				CLANG_ENABLE_OBJC_ARC = YES;
				CLANG_WARN_BOOL_CONVERSION = YES;
				CLANG_WARN_CONSTANT_CONVERSION = YES;
				CLANG_WARN_DIRECT_OBJC_ISA_USAGE = YES_ERROR;
				CLANG_WARN_DOCUMENTATION_COMMENTS = YES;
				CLANG_WARN_EMPTY_BODY = YES;
				CLANG_WARN_ENUM_CONVERSION = YES;
				CLANG_WARN_INFINITE_RECURSION = YES;
				CLANG_WARN_INT_CONVERSION = YES;
				CLANG_WARN_OBJC_ROOT_CLASS = YES_ERROR;
				CLANG_WARN_SUSPICIOUS_MOVES = YES;
				CLANG_WARN_UNREACHABLE_CODE = YES;
				CLANG_WARN__DUPLICATE_METHOD_MATCH = YES;
				"CODE_SIGN_IDENTITY[sdk=iphoneos*]" = "iPhone Developer";
				COPY_PHASE_STRIP = NO;
				DEBUG_INFORMATION_FORMAT = "dwarf-with-dsym";
				ENABLE_NS_ASSERTIONS = NO;
				ENABLE_STRICT_OBJC_MSGSEND = YES;
				GCC_C_LANGUAGE_STANDARD = gnu99;
				GCC_NO_COMMON_BLOCKS = YES;
				GCC_WARN_64_TO_32_BIT_CONVERSION = YES;
				GCC_WARN_ABOUT_RETURN_TYPE = YES_ERROR;
				GCC_WARN_UNDECLARED_SELECTOR = YES;
				GCC_WARN_UNINITIALIZED_AUTOS = YES_AGGRESSIVE;
				GCC_WARN_UNUSED_FUNCTION = YES;
				GCC_WARN_UNUSED_VARIABLE = YES;
				IPHONEOS_DEPLOYMENT_TARGET = 10.0;
				MTL_ENABLE_DEBUG_INFO = NO;
				SDKROOT = iphoneos;
				VALIDATE_PRODUCT = YES;
			};
			name = Release;
		};
		F5B85EDE1EB83332003BEF03 /* Debug */ = {
			isa = XCBuildConfiguration;
			buildSettings = {
				ASSETCATALOG_COMPILER_APPICON_NAME = AppIcon;
				DEVELOPMENT_TEAM = 3AEPL4W59J;
				INFOPLIST_FILE = XIBUpdateLayout/Info.plist;
				LD_RUNPATH_SEARCH_PATHS = "$(inherited) @executable_path/Frameworks";
				PRODUCT_BUNDLE_IDENTIFIER = com.jchvip.rch.XIBUpdateLayout;
				PRODUCT_NAME = "$(TARGET_NAME)";
			};
			name = Debug;
		};
		F5B85EDF1EB83332003BEF03 /* Release */ = {
			isa = XCBuildConfiguration;
			buildSettings = {
				ASSETCATALOG_COMPILER_APPICON_NAME = AppIcon;
				DEVELOPMENT_TEAM = 3AEPL4W59J;
				INFOPLIST_FILE = XIBUpdateLayout/Info.plist;
				LD_RUNPATH_SEARCH_PATHS = "$(inherited) @executable_path/Frameworks";
				PRODUCT_BUNDLE_IDENTIFIER = com.jchvip.rch.XIBUpdateLayout;
				PRODUCT_NAME = "$(TARGET_NAME)";
			};
			name = Release;
		};
		F5B85EE11EB83332003BEF03 /* Debug */ = {
			isa = XCBuildConfiguration;
			buildSettings = {
				BUNDLE_LOADER = "$(TEST_HOST)";
				DEVELOPMENT_TEAM = 3AEPL4W59J;
				INFOPLIST_FILE = XIBUpdateLayoutTests/Info.plist;
				LD_RUNPATH_SEARCH_PATHS = "$(inherited) @executable_path/Frameworks @loader_path/Frameworks";
				PRODUCT_BUNDLE_IDENTIFIER = com.jchvip.rch.XIBUpdateLayoutTests;
				PRODUCT_NAME = "$(TARGET_NAME)";
				TEST_HOST = "$(BUILT_PRODUCTS_DIR)/XIBUpdateLayout.app/XIBUpdateLayout";
			};
			name = Debug;
		};
		F5B85EE21EB83332003BEF03 /* Release */ = {
			isa = XCBuildConfiguration;
			buildSettings = {
				BUNDLE_LOADER = "$(TEST_HOST)";
				DEVELOPMENT_TEAM = 3AEPL4W59J;
				INFOPLIST_FILE = XIBUpdateLayoutTests/Info.plist;
				LD_RUNPATH_SEARCH_PATHS = "$(inherited) @executable_path/Frameworks @loader_path/Frameworks";
				PRODUCT_BUNDLE_IDENTIFIER = com.jchvip.rch.XIBUpdateLayoutTests;
				PRODUCT_NAME = "$(TARGET_NAME)";
				TEST_HOST = "$(BUILT_PRODUCTS_DIR)/XIBUpdateLayout.app/XIBUpdateLayout";
			};
			name = Release;
		};
		F5B85EE41EB83332003BEF03 /* Debug */ = {
			isa = XCBuildConfiguration;
			buildSettings = {
				DEVELOPMENT_TEAM = 3AEPL4W59J;
				INFOPLIST_FILE = XIBUpdateLayoutUITests/Info.plist;
				LD_RUNPATH_SEARCH_PATHS = "$(inherited) @executable_path/Frameworks @loader_path/Frameworks";
				PRODUCT_BUNDLE_IDENTIFIER = com.jchvip.rch.XIBUpdateLayoutUITests;
				PRODUCT_NAME = "$(TARGET_NAME)";
				TEST_TARGET_NAME = XIBUpdateLayout;
			};
			name = Debug;
		};
		F5B85EE51EB83332003BEF03 /* Release */ = {
			isa = XCBuildConfiguration;
			buildSettings = {
				DEVELOPMENT_TEAM = 3AEPL4W59J;
				INFOPLIST_FILE = XIBUpdateLayoutUITests/Info.plist;
				LD_RUNPATH_SEARCH_PATHS = "$(inherited) @executable_path/Frameworks @loader_path/Frameworks";
				PRODUCT_BUNDLE_IDENTIFIER = com.jchvip.rch.XIBUpdateLayoutUITests;
				PRODUCT_NAME = "$(TARGET_NAME)";
				TEST_TARGET_NAME = XIBUpdateLayout;
			};
			name = Release;
		};
/* End XCBuildConfiguration section */

/* Begin XCConfigurationList section */
		F5B85EAB1EB83332003BEF03 /* Build configuration list for PBXProject "XIBUpdateLayout" */ = {
			isa = XCConfigurationList;
			buildConfigurations = (
				F5B85EDB1EB83332003BEF03 /* Debug */,
				F5B85EDC1EB83332003BEF03 /* Release */,
			);
			defaultConfigurationIsVisible = 0;
			defaultConfigurationName = Release;
		};
		F5B85EDD1EB83332003BEF03 /* Build configuration list for PBXNativeTarget "XIBUpdateLayout" */ = {
			isa = XCConfigurationList;
			buildConfigurations = (
				F5B85EDE1EB83332003BEF03 /* Debug */,
				F5B85EDF1EB83332003BEF03 /* Release */,
			);
			defaultConfigurationIsVisible = 0;
		};
		F5B85EE01EB83332003BEF03 /* Build configuration list for PBXNativeTarget "XIBUpdateLayoutTests" */ = {
			isa = XCConfigurationList;
			buildConfigurations = (
				F5B85EE11EB83332003BEF03 /* Debug */,
				F5B85EE21EB83332003BEF03 /* Release */,
			);
			defaultConfigurationIsVisible = 0;
		};
		F5B85EE31EB83332003BEF03 /* Build configuration list for PBXNativeTarget "XIBUpdateLayoutUITests" */ = {
			isa = XCConfigurationList;
			buildConfigurations = (
				F5B85EE41EB83332003BEF03 /* Debug */,
				F5B85EE51EB83332003BEF03 /* Release */,
			);
			defaultConfigurationIsVisible = 0;
		};
/* End XCConfigurationList section */
	};
	rootObject = F5B85EA81EB83332003BEF03 /* Project object */;
}
